
Microsoft Visual Studio Solution File, Format Version 12.00
# Visual Studio Version 17
VisualStudioVersion = 17.0.31903.59
MinimumVisualStudioVersion = 10.0.40219.1
Project("{2150E333-8FDC-42A3-9474-1A3956D46DE8}") = "src", "src", "{E8644353-D747-4AA9-A78F-6C6949D0288E}"
EndProject
Project("{FAE04EC0-301F-11D3-BF4B-00C04F79EFBC}") = "MyFrete.BuildingBlocks", "src\MyFrete.BuildingBlocks\MyFrete.BuildingBlocks.csproj", "{CF25C1ED-791A-4233-BB79-732BDAB494B0}"
EndProject
Project("{FAE04EC0-301F-11D3-BF4B-00C04F79EFBC}") = "MyFrete.Api", "src\MyFrete.Api\MyFrete.Api.csproj", "{0BD31AE8-F6A2-4F00-80C4-2830E540EC78}"
EndProject
Project("{FAE04EC0-301F-11D3-BF4B-00C04F79EFBC}") = "MyFrete.Migrations", "src\MyFrete.Migrations\MyFrete.Migrations.csproj", "{86958A5E-D243-46C8-96F3-682604345D30}"
EndProject
Project("{2150E333-8FDC-42A3-9474-1A3956D46DE8}") = "Modules", "Modules", "{40916DE6-9E5A-4132-95C5-84FAEF74C3DA}"
EndProject
Project("{FAE04EC0-301F-11D3-BF4B-00C04F79EFBC}") = "MyFrete.Modules.Accounts", "src\Modules\Accounts\MyFrete.Modules.Accounts.csproj", "{921A4BE0-B408-49AF-8EAD-2007464B44F6}"
EndProject
Project("{FAE04EC0-301F-11D3-BF4B-00C04F79EFBC}") = "MyFrete.Modules.Matching", "src\Modules\Matching\MyFrete.Modules.Matching.csproj", "{7D68D3D6-8070-4190-BDD4-6A5A8A795059}"
EndProject
Project("{FAE04EC0-301F-11D3-BF4B-00C04F79EFBC}") = "MyFrete.Modules.Notifications", "src\Modules\Notifications\MyFrete.Modules.Notifications.csproj", "{A9AF8AC8-4929-421C-9A70-DFF14D5C7900}"
EndProject
Project("{FAE04EC0-301F-11D3-BF4B-00C04F79EFBC}") = "MyFrete.Modules.Pricing", "src\Modules\Pricing\MyFrete.Modules.Pricing.csproj", "{BD1E4B1E-AE28-494D-B060-7CCA143AA974}"
EndProject
Project("{FAE04EC0-301F-11D3-BF4B-00C04F79EFBC}") = "MyFrete.Modules.Requests", "src\Modules\Requests\MyFrete.Modules.Requests.csproj", "{4A03E3DB-9A50-4ECD-B81F-BFD2A9EA3A8F}"
EndProject
Project("{FAE04EC0-301F-11D3-BF4B-00C04F79EFBC}") = "MyFrete.Modules.Scheduling", "src\Modules\Scheduling\MyFrete.Modules.Scheduling.csproj", "{78E3A572-6D7F-410A-AF63-6E4B015D6EEB}"
EndProject
Project("{FAE04EC0-301F-11D3-BF4B-00C04F79EFBC}") = "MyFrete.Modules.Trips", "src\Modules\Trips\MyFrete.Modules.Trips.csproj", "{0906F463-FC3C-44A2-AD18-2BC9BEB872AE}"
EndProject
Project("{2150E333-8FDC-42A3-9474-1A3956D46DE8}") = "tests", "tests", "{56C6B5C4-9568-46B4-9526-AAD91D269F32}"
EndProject
Project("{FAE04EC0-301F-11D3-BF4B-00C04F79EFBC}") = "MyFrete.Tests.Contract", "tests\contract\MyFrete.Tests.Contract.csproj", "{48552BC3-8073-47BA-BC63-2CF615ABB608}"
EndProject
Project("{2150E333-8FDC-42A3-9474-1A3956D46DE8}") = "unit", "unit", "{7CF1D16F-2260-2AFC-CB7B-9DC8F5A0F49D}"
EndProject
Project("{FAE04EC0-301F-11D3-BF4B-00C04F79EFBC}") = "MyFrete.Tests.Unit", "tests\unit\MyFrete.Tests.Unit.csproj", "{3DB882F7-3C77-48BE-911A-BE3FA2BBB708}"
EndProject
Project("{2150E333-8FDC-42A3-9474-1A3956D46DE8}") = "integration", "integration", "{25A1C260-F032-86F6-88B5-7331001B2E9D}"
EndProject
Project("{FAE04EC0-301F-11D3-BF4B-00C04F79EFBC}") = "MyFrete.Tests.Integration", "tests\integration\MyFrete.Tests.Integration.csproj", "{95F9BF36-FCA2-4373-9EB2-08992EEC58C6}"
EndProject
Global
	GlobalSection(SolutionConfigurationPlatforms) = preSolution
		Debug|Any CPU = Debug|Any CPU
		Debug|x64 = Debug|x64
		Debug|x86 = Debug|x86
		Release|Any CPU = Release|Any CPU
		Release|x64 = Release|x64
		Release|x86 = Release|x86
	EndGlobalSection
	GlobalSection(ProjectConfigurationPlatforms) = postSolution
		{CF25C1ED-791A-4233-BB79-732BDAB494B0}.Debug|Any CPU.ActiveCfg = Debug|Any CPU
		{CF25C1ED-791A-4233-BB79-732BDAB494B0}.Debug|Any CPU.Build.0 = Debug|Any CPU
		{CF25C1ED-791A-4233-BB79-732BDAB494B0}.Debug|x64.ActiveCfg = Debug|Any CPU
		{CF25C1ED-791A-4233-BB79-732BDAB494B0}.Debug|x64.Build.0 = Debug|Any CPU
		{CF25C1ED-791A-4233-BB79-732BDAB494B0}.Debug|x86.ActiveCfg = Debug|Any CPU
		{CF25C1ED-791A-4233-BB79-732BDAB494B0}.Debug|x86.Build.0 = Debug|Any CPU
		{CF25C1ED-791A-4233-BB79-732BDAB494B0}.Release|Any CPU.ActiveCfg = Release|Any CPU
		{CF25C1ED-791A-4233-BB79-732BDAB494B0}.Release|Any CPU.Build.0 = Release|Any CPU
		{CF25C1ED-791A-4233-BB79-732BDAB494B0}.Release|x64.ActiveCfg = Release|Any CPU
		{CF25C1ED-791A-4233-BB79-732BDAB494B0}.Release|x64.Build.0 = Release|Any CPU
		{CF25C1ED-791A-4233-BB79-732BDAB494B0}.Release|x86.ActiveCfg = Release|Any CPU
		{CF25C1ED-791A-4233-BB79-732BDAB494B0}.Release|x86.Build.0 = Release|Any CPU
		{0BD31AE8-F6A2-4F00-80C4-2830E540EC78}.Debug|Any CPU.ActiveCfg = Debug|Any CPU
		{0BD31AE8-F6A2-4F00-80C4-2830E540EC78}.Debug|Any CPU.Build.0 = Debug|Any CPU
		{0BD31AE8-F6A2-4F00-80C4-2830E540EC78}.Debug|x64.ActiveCfg = Debug|Any CPU
		{0BD31AE8-F6A2-4F00-80C4-2830E540EC78}.Debug|x64.Build.0 = Debug|Any CPU
		{0BD31AE8-F6A2-4F00-80C4-2830E540EC78}.Debug|x86.ActiveCfg = Debug|Any CPU
		{0BD31AE8-F6A2-4F00-80C4-2830E540EC78}.Debug|x86.Build.0 = Debug|Any CPU
		{0BD31AE8-F6A2-4F00-80C4-2830E540EC78}.Release|Any CPU.ActiveCfg = Release|Any CPU
		{0BD31AE8-F6A2-4F00-80C4-2830E540EC78}.Release|Any CPU.Build.0 = Release|Any CPU
		{0BD31AE8-F6A2-4F00-80C4-2830E540EC78}.Release|x64.ActiveCfg = Release|Any CPU
		{0BD31AE8-F6A2-4F00-80C4-2830E540EC78}.Release|x64.Build.0 = Release|Any CPU
		{0BD31AE8-F6A2-4F00-80C4-2830E540EC78}.Release|x86.ActiveCfg = Release|Any CPU
		{0BD31AE8-F6A2-4F00-80C4-2830E540EC78}.Release|x86.Build.0 = Release|Any CPU
		{86958A5E-D243-46C8-96F3-682604345D30}.Debug|Any CPU.ActiveCfg = Debug|Any CPU
		{86958A5E-D243-46C8-96F3-682604345D30}.Debug|Any CPU.Build.0 = Debug|Any CPU
		{86958A5E-D243-46C8-96F3-682604345D30}.Debug|x64.ActiveCfg = Debug|Any CPU
		{86958A5E-D243-46C8-96F3-682604345D30}.Debug|x64.Build.0 = Debug|Any CPU
		{86958A5E-D243-46C8-96F3-682604345D30}.Debug|x86.ActiveCfg = Debug|Any CPU
		{86958A5E-D243-46C8-96F3-682604345D30}.Debug|x86.Build.0 = Debug|Any CPU
		{86958A5E-D243-46C8-96F3-682604345D30}.Release|Any CPU.ActiveCfg = Release|Any CPU
		{86958A5E-D243-46C8-96F3-682604345D30}.Release|Any CPU.Build.0 = Release|Any CPU
		{86958A5E-D243-46C8-96F3-682604345D30}.Release|x64.ActiveCfg = Release|Any CPU
		{86958A5E-D243-46C8-96F3-682604345D30}.Release|x64.Build.0 = Release|Any CPU
		{86958A5E-D243-46C8-96F3-682604345D30}.Release|x86.ActiveCfg = Release|Any CPU
		{86958A5E-D243-46C8-96F3-682604345D30}.Release|x86.Build.0 = Release|Any CPU
		{921A4BE0-B408-49AF-8EAD-2007464B44F6}.Debug|Any CPU.ActiveCfg = Debug|Any CPU
		{921A4BE0-B408-49AF-8EAD-2007464B44F6}.Debug|Any CPU.Build.0 = Debug|Any CPU
		{921A4BE0-B408-49AF-8EAD-2007464B44F6}.Debug|x64.ActiveCfg = Debug|Any CPU
		{921A4BE0-B408-49AF-8EAD-2007464B44F6}.Debug|x64.Build.0 = Debug|Any CPU
		{921A4BE0-B408-49AF-8EAD-2007464B44F6}.Debug|x86.ActiveCfg = Debug|Any CPU
		{921A4BE0-B408-49AF-8EAD-2007464B44F6}.Debug|x86.Build.0 = Debug|Any CPU
		{921A4BE0-B408-49AF-8EAD-2007464B44F6}.Release|Any CPU.ActiveCfg = Release|Any CPU
		{921A4BE0-B408-49AF-8EAD-2007464B44F6}.Release|Any CPU.Build.0 = Release|Any CPU
		{921A4BE0-B408-49AF-8EAD-2007464B44F6}.Release|x64.ActiveCfg = Release|Any CPU
		{921A4BE0-B408-49AF-8EAD-2007464B44F6}.Release|x64.Build.0 = Release|Any CPU
		{921A4BE0-B408-49AF-8EAD-2007464B44F6}.Release|x86.ActiveCfg = Release|Any CPU
		{921A4BE0-B408-49AF-8EAD-2007464B44F6}.Release|x86.Build.0 = Release|Any CPU
		{7D68D3D6-8070-4190-BDD4-6A5A8A795059}.Debug|Any CPU.ActiveCfg = Debug|Any CPU
		{7D68D3D6-8070-4190-BDD4-6A5A8A795059}.Debug|Any CPU.Build.0 = Debug|Any CPU
		{7D68D3D6-8070-4190-BDD4-6A5A8A795059}.Debug|x64.ActiveCfg = Debug|Any CPU
		{7D68D3D6-8070-4190-BDD4-6A5A8A795059}.Debug|x64.Build.0 = Debug|Any CPU
		{7D68D3D6-8070-4190-BDD4-6A5A8A795059}.Debug|x86.ActiveCfg = Debug|Any CPU
		{7D68D3D6-8070-4190-BDD4-6A5A8A795059}.Debug|x86.Build.0 = Debug|Any CPU
		{7D68D3D6-8070-4190-BDD4-6A5A8A795059}.Release|Any CPU.ActiveCfg = Release|Any CPU
		{7D68D3D6-8070-4190-BDD4-6A5A8A795059}.Release|Any CPU.Build.0 = Release|Any CPU
		{7D68D3D6-8070-4190-BDD4-6A5A8A795059}.Release|x64.ActiveCfg = Release|Any CPU
		{7D68D3D6-8070-4190-BDD4-6A5A8A795059}.Release|x64.Build.0 = Release|Any CPU
		{7D68D3D6-8070-4190-BDD4-6A5A8A795059}.Release|x86.ActiveCfg = Release|Any CPU
		{7D68D3D6-8070-4190-BDD4-6A5A8A795059}.Release|x86.Build.0 = Release|Any CPU
		{A9AF8AC8-4929-421C-9A70-DFF14D5C7900}.Debug|Any CPU.ActiveCfg = Debug|Any CPU
		{A9AF8AC8-4929-421C-9A70-DFF14D5C7900}.Debug|Any CPU.Build.0 = Debug|Any CPU
		{A9AF8AC8-4929-421C-9A70-DFF14D5C7900}.Debug|x64.ActiveCfg = Debug|Any CPU
		{A9AF8AC8-4929-421C-9A70-DFF14D5C7900}.Debug|x64.Build.0 = Debug|Any CPU
		{A9AF8AC8-4929-421C-9A70-DFF14D5C7900}.Debug|x86.ActiveCfg = Debug|Any CPU
		{A9AF8AC8-4929-421C-9A70-DFF14D5C7900}.Debug|x86.Build.0 = Debug|Any CPU
		{A9AF8AC8-4929-421C-9A70-DFF14D5C7900}.Release|Any CPU.ActiveCfg = Release|Any CPU
		{A9AF8AC8-4929-421C-9A70-DFF14D5C7900}.Release|Any CPU.Build.0 = Release|Any CPU
		{A9AF8AC8-4929-421C-9A70-DFF14D5C7900}.Release|x64.ActiveCfg = Release|Any CPU
		{A9AF8AC8-4929-421C-9A70-DFF14D5C7900}.Release|x64.Build.0 = Release|Any CPU
		{A9AF8AC8-4929-421C-9A70-DFF14D5C7900}.Release|x86.ActiveCfg = Release|Any CPU
		{A9AF8AC8-4929-421C-9A70-DFF14D5C7900}.Release|x86.Build.0 = Release|Any CPU
		{BD1E4B1E-AE28-494D-B060-7CCA143AA974}.Debug|Any CPU.ActiveCfg = Debug|Any CPU
		{BD1E4B1E-AE28-494D-B060-7CCA143AA974}.Debug|Any CPU.Build.0 = Debug|Any CPU
		{BD1E4B1E-AE28-494D-B060-7CCA143AA974}.Debug|x64.ActiveCfg = Debug|Any CPU
		{BD1E4B1E-AE28-494D-B060-7CCA143AA974}.Debug|x64.Build.0 = Debug|Any CPU
		{BD1E4B1E-AE28-494D-B060-7CCA143AA974}.Debug|x86.ActiveCfg = Debug|Any CPU
		{BD1E4B1E-AE28-494D-B060-7CCA143AA974}.Debug|x86.Build.0 = Debug|Any CPU
		{BD1E4B1E-AE28-494D-B060-7CCA143AA974}.Release|Any CPU.ActiveCfg = Release|Any CPU
		{BD1E4B1E-AE28-494D-B060-7CCA143AA974}.Release|Any CPU.Build.0 = Release|Any CPU
		{BD1E4B1E-AE28-494D-B060-7CCA143AA974}.Release|x64.ActiveCfg = Release|Any CPU
		{BD1E4B1E-AE28-494D-B060-7CCA143AA974}.Release|x64.Build.0 = Release|Any CPU
		{BD1E4B1E-AE28-494D-B060-7CCA143AA974}.Release|x86.ActiveCfg = Release|Any CPU
		{BD1E4B1E-AE28-494D-B060-7CCA143AA974}.Release|x86.Build.0 = Release|Any CPU
		{4A03E3DB-9A50-4ECD-B81F-BFD2A9EA3A8F}.Debug|Any CPU.ActiveCfg = Debug|Any CPU
		{4A03E3DB-9A50-4ECD-B81F-BFD2A9EA3A8F}.Debug|Any CPU.Build.0 = Debug|Any CPU
		{4A03E3DB-9A50-4ECD-B81F-BFD2A9EA3A8F}.Debug|x64.ActiveCfg = Debug|Any CPU
		{4A03E3DB-9A50-4ECD-B81F-BFD2A9EA3A8F}.Debug|x64.Build.0 = Debug|Any CPU
		{4A03E3DB-9A50-4ECD-B81F-BFD2A9EA3A8F}.Debug|x86.ActiveCfg = Debug|Any CPU
		{4A03E3DB-9A50-4ECD-B81F-BFD2A9EA3A8F}.Debug|x86.Build.0 = Debug|Any CPU
		{4A03E3DB-9A50-4ECD-B81F-BFD2A9EA3A8F}.Release|Any CPU.ActiveCfg = Release|Any CPU
		{4A03E3DB-9A50-4ECD-B81F-BFD2A9EA3A8F}.Release|Any CPU.Build.0 = Release|Any CPU
		{4A03E3DB-9A50-4ECD-B81F-BFD2A9EA3A8F}.Release|x64.ActiveCfg = Release|Any CPU
		{4A03E3DB-9A50-4ECD-B81F-BFD2A9EA3A8F}.Release|x64.Build.0 = Release|Any CPU
		{4A03E3DB-9A50-4ECD-B81F-BFD2A9EA3A8F}.Release|x86.ActiveCfg = Release|Any CPU
		{4A03E3DB-9A50-4ECD-B81F-BFD2A9EA3A8F}.Release|x86.Build.0 = Release|Any CPU
		{78E3A572-6D7F-410A-AF63-6E4B015D6EEB}.Debug|Any CPU.ActiveCfg = Debug|Any CPU
		{78E3A572-6D7F-410A-AF63-6E4B015D6EEB}.Debug|Any CPU.Build.0 = Debug|Any CPU
		{78E3A572-6D7F-410A-AF63-6E4B015D6EEB}.Debug|x64.ActiveCfg = Debug|Any CPU
		{78E3A572-6D7F-410A-AF63-6E4B015D6EEB}.Debug|x64.Build.0 = Debug|Any CPU
		{78E3A572-6D7F-410A-AF63-6E4B015D6EEB}.Debug|x86.ActiveCfg = Debug|Any CPU
		{78E3A572-6D7F-410A-AF63-6E4B015D6EEB}.Debug|x86.Build.0 = Debug|Any CPU
		{78E3A572-6D7F-410A-AF63-6E4B015D6EEB}.Release|Any CPU.ActiveCfg = Release|Any CPU
		{78E3A572-6D7F-410A-AF63-6E4B015D6EEB}.Release|Any CPU.Build.0 = Release|Any CPU
		{78E3A572-6D7F-410A-AF63-6E4B015D6EEB}.Release|x64.ActiveCfg = Release|Any CPU
		{78E3A572-6D7F-410A-AF63-6E4B015D6EEB}.Release|x64.Build.0 = Release|Any CPU
		{78E3A572-6D7F-410A-AF63-6E4B015D6EEB}.Release|x86.ActiveCfg = Release|Any CPU
		{78E3A572-6D7F-410A-AF63-6E4B015D6EEB}.Release|x86.Build.0 = Release|Any CPU
		{0906F463-FC3C-44A2-AD18-2BC9BEB872AE}.Debug|Any CPU.ActiveCfg = Debug|Any CPU
		{0906F463-FC3C-44A2-AD18-2BC9BEB872AE}.Debug|Any CPU.Build.0 = Debug|Any CPU
		{0906F463-FC3C-44A2-AD18-2BC9BEB872AE}.Debug|x64.ActiveCfg = Debug|Any CPU
		{0906F463-FC3C-44A2-AD18-2BC9BEB872AE}.Debug|x64.Build.0 = Debug|Any CPU
		{0906F463-FC3C-44A2-AD18-2BC9BEB872AE}.Debug|x86.ActiveCfg = Debug|Any CPU
		{0906F463-FC3C-44A2-AD18-2BC9BEB872AE}.Debug|x86.Build.0 = Debug|Any CPU
		{0906F463-FC3C-44A2-AD18-2BC9BEB872AE}.Release|Any CPU.ActiveCfg = Release|Any CPU
		{0906F463-FC3C-44A2-AD18-2BC9BEB872AE}.Release|Any CPU.Build.0 = Release|Any CPU
		{0906F463-FC3C-44A2-AD18-2BC9BEB872AE}.Release|x64.ActiveCfg = Release|Any CPU
		{0906F463-FC3C-44A2-AD18-2BC9BEB872AE}.Release|x64.Build.0 = Release|Any CPU
		{0906F463-FC3C-44A2-AD18-2BC9BEB872AE}.Release|x86.ActiveCfg = Release|Any CPU
		{0906F463-FC3C-44A2-AD18-2BC9BEB872AE}.Release|x86.Build.0 = Release|Any CPU
		{48552BC3-8073-47BA-BC63-2CF615ABB608}.Debug|Any CPU.ActiveCfg = Debug|Any CPU
		{48552BC3-8073-47BA-BC63-2CF615ABB608}.Debug|Any CPU.Build.0 = Debug|Any CPU
		{48552BC3-8073-47BA-BC63-2CF615ABB608}.Debug|x64.ActiveCfg = Debug|Any CPU
		{48552BC3-8073-47BA-BC63-2CF615ABB608}.Debug|x64.Build.0 = Debug|Any CPU
		{48552BC3-8073-47BA-BC63-2CF615ABB608}.Debug|x86.ActiveCfg = Debug|Any CPU
		{48552BC3-8073-47BA-BC63-2CF615ABB608}.Debug|x86.Build.0 = Debug|Any CPU
		{48552BC3-8073-47BA-BC63-2CF615ABB608}.Release|Any CPU.ActiveCfg = Release|Any CPU
		{48552BC3-8073-47BA-BC63-2CF615ABB608}.Release|Any CPU.Build.0 = Release|Any CPU
		{48552BC3-8073-47BA-BC63-2CF615ABB608}.Release|x64.ActiveCfg = Release|Any CPU
		{48552BC3-8073-47BA-BC63-2CF615ABB608}.Release|x64.Build.0 = Release|Any CPU
		{48552BC3-8073-47BA-BC63-2CF615ABB608}.Release|x86.ActiveCfg = Release|Any CPU
		{48552BC3-8073-47BA-BC63-2CF615ABB608}.Release|x86.Build.0 = Release|Any CPU
		{3DB882F7-3C77-48BE-911A-BE3FA2BBB708}.Debug|Any CPU.ActiveCfg = Debug|Any CPU
		{3DB882F7-3C77-48BE-911A-BE3FA2BBB708}.Debug|Any CPU.Build.0 = Debug|Any CPU
		{3DB882F7-3C77-48BE-911A-BE3FA2BBB708}.Debug|x64.ActiveCfg = Debug|Any CPU
		{3DB882F7-3C77-48BE-911A-BE3FA2BBB708}.Debug|x64.Build.0 = Debug|Any CPU
		{3DB882F7-3C77-48BE-911A-BE3FA2BBB708}.Debug|x86.ActiveCfg = Debug|Any CPU
		{3DB882F7-3C77-48BE-911A-BE3FA2BBB708}.Debug|x86.Build.0 = Debug|Any CPU
		{3DB882F7-3C77-48BE-911A-BE3FA2BBB708}.Release|Any CPU.ActiveCfg = Release|Any CPU
		{3DB882F7-3C77-48BE-911A-BE3FA2BBB708}.Release|Any CPU.Build.0 = Release|Any CPU
		{3DB882F7-3C77-48BE-911A-BE3FA2BBB708}.Release|x64.ActiveCfg = Release|Any CPU
		{3DB882F7-3C77-48BE-911A-BE3FA2BBB708}.Release|x64.Build.0 = Release|Any CPU
		{3DB882F7-3C77-48BE-911A-BE3FA2BBB708}.Release|x86.ActiveCfg = Release|Any CPU
		{3DB882F7-3C77-48BE-911A-BE3FA2BBB708}.Release|x86.Build.0 = Release|Any CPU
		{95F9BF36-FCA2-4373-9EB2-08992EEC58C6}.Debug|Any CPU.ActiveCfg = Debug|Any CPU
		{95F9BF36-FCA2-4373-9EB2-08992EEC58C6}.Debug|Any CPU.Build.0 = Debug|Any CPU
		{95F9BF36-FCA2-4373-9EB2-08992EEC58C6}.Debug|x64.ActiveCfg = Debug|Any CPU
		{95F9BF36-FCA2-4373-9EB2-08992EEC58C6}.Debug|x64.Build.0 = Debug|Any CPU
		{95F9BF36-FCA2-4373-9EB2-08992EEC58C6}.Debug|x86.ActiveCfg = Debug|Any CPU
		{95F9BF36-FCA2-4373-9EB2-08992EEC58C6}.Debug|x86.Build.0 = Debug|Any CPU
		{95F9BF36-FCA2-4373-9EB2-08992EEC58C6}.Release|Any CPU.ActiveCfg = Release|Any CPU
		{95F9BF36-FCA2-4373-9EB2-08992EEC58C6}.Release|Any CPU.Build.0 = Release|Any CPU
		{95F9BF36-FCA2-4373-9EB2-08992EEC58C6}.Release|x64.ActiveCfg = Release|Any CPU
		{95F9BF36-FCA2-4373-9EB2-08992EEC58C6}.Release|x64.Build.0 = Release|Any CPU
		{95F9BF36-FCA2-4373-9EB2-08992EEC58C6}.Release|x86.ActiveCfg = Release|Any CPU
		{95F9BF36-FCA2-4373-9EB2-08992EEC58C6}.Release|x86.Build.0 = Release|Any CPU
	EndGlobalSection
	GlobalSection(SolutionProperties) = preSolution
		HideSolutionNode = FALSE
	EndGlobalSection
	GlobalSection(NestedProjects) = preSolution
		{CF25C1ED-791A-4233-BB79-732BDAB494B0} = {E8644353-D747-4AA9-A78F-6C6949D0288E}
		{0BD31AE8-F6A2-4F00-80C4-2830E540EC78} = {E8644353-D747-4AA9-A78F-6C6949D0288E}
		{86958A5E-D243-46C8-96F3-682604345D30} = {E8644353-D747-4AA9-A78F-6C6949D0288E}
		{40916DE6-9E5A-4132-95C5-84FAEF74C3DA} = {E8644353-D747-4AA9-A78F-6C6949D0288E}
		{921A4BE0-B408-49AF-8EAD-2007464B44F6} = {40916DE6-9E5A-4132-95C5-84FAEF74C3DA}
		{7D68D3D6-8070-4190-BDD4-6A5A8A795059} = {40916DE6-9E5A-4132-95C5-84FAEF74C3DA}
		{A9AF8AC8-4929-421C-9A70-DFF14D5C7900} = {40916DE6-9E5A-4132-95C5-84FAEF74C3DA}
		{BD1E4B1E-AE28-494D-B060-7CCA143AA974} = {40916DE6-9E5A-4132-95C5-84FAEF74C3DA}
		{4A03E3DB-9A50-4ECD-B81F-BFD2A9EA3A8F} = {40916DE6-9E5A-4132-95C5-84FAEF74C3DA}
		{78E3A572-6D7F-410A-AF63-6E4B015D6EEB} = {40916DE6-9E5A-4132-95C5-84FAEF74C3DA}
		{0906F463-FC3C-44A2-AD18-2BC9BEB872AE} = {40916DE6-9E5A-4132-95C5-84FAEF74C3DA}
		{48552BC3-8073-47BA-BC63-2CF615ABB608} = {56C6B5C4-9568-46B4-9526-AAD91D269F32}
		{7CF1D16F-2260-2AFC-CB7B-9DC8F5A0F49D} = {56C6B5C4-9568-46B4-9526-AAD91D269F32}
		{3DB882F7-3C77-48BE-911A-BE3FA2BBB708} = {7CF1D16F-2260-2AFC-CB7B-9DC8F5A0F49D}
		{25A1C260-F032-86F6-88B5-7331001B2E9D} = {56C6B5C4-9568-46B4-9526-AAD91D269F32}
		{95F9BF36-FCA2-4373-9EB2-08992EEC58C6} = {25A1C260-F032-86F6-88B5-7331001B2E9D}
	EndGlobalSection
EndGlobal
